{
  "name": "hs-airdrop",
  "version": "0.10.0",
  "lockfileVersion": 2,
  "requires": true,
  "packages": {
    "": {
      "version": "0.10.0",
      "license": "MIT",
      "dependencies": {
        "bcrypto": "~5.4.0",
        "bfile": "~0.2.2",
        "brq": "~0.1.8",
        "bsert": "~0.0.10",
        "bufio": "~1.0.7",
        "goosig": "~0.10.0",
        "openpgp-smartcard": "file:../openpgp-smartcard"
      },
      "bin": {
        "hs-airdrop": "bin/hs-airdrop"
      },
      "devDependencies": {
        "bmocha": "^2.1.5"
      },
      "engines": {
        "node": ">=8.0.0"
      }
    },
    "../openpgp-smartcard": {
      "version": "0.1.0",
      "hasInstallScript": true,
      "license": "ISC",
      "devDependencies": {
        "cargo-cp-artifact": "^0.1"
      }
    },
    "node_modules/bcrypto": {
      "version": "5.4.0",
      "resolved": "https://registry.npmjs.org/bcrypto/-/bcrypto-5.4.0.tgz",
      "integrity": "sha512-KDX2CR29o6ZoqpQndcCxFZAtYA1jDMnXU3jmCfzP44g++Cu7AHHtZN/JbrN/MXAg9SLvtQ8XISG+eVD9zH1+Jg==",
      "hasInstallScript": true,
      "dependencies": {
        "bufio": "~1.0.7",
        "loady": "~0.0.5"
      },
      "engines": {
        "node": ">=8.0.0"
      }
    },
    "node_modules/bfile": {
      "version": "0.2.2",
      "resolved": "https://registry.npmjs.org/bfile/-/bfile-0.2.2.tgz",
      "integrity": "sha512-X205SsJ7zFAnjeJ/pBLqDqF10x/4Su3pBy8UdVKw4hdGJk7t5pLoRi+uG4rPaDAClGbrEfT/06PGUbYiMYKzTg==",
      "engines": {
        "node": ">=8.0.0"
      }
    },
    "node_modules/bmocha": {
      "version": "2.1.5",
      "resolved": "https://registry.npmjs.org/bmocha/-/bmocha-2.1.5.tgz",
      "integrity": "sha512-hEO+jQC+6CMxdxSqKPjqAdIDvRWHfdGgsMh4fUmatkMewbYr2O6qMIbW7Lhcmkcnz8bwRHZuEdDaBt/16NofoA==",
      "dev": true,
      "bin": {
        "_bmocha": "bin/_bmocha",
        "bmocha": "bin/bmocha"
      },
      "engines": {
        "node": ">=8.0.0"
      }
    },
    "node_modules/brq": {
      "version": "0.1.8",
      "resolved": "https://registry.npmjs.org/brq/-/brq-0.1.8.tgz",
      "integrity": "sha512-6SDY1lJMKXgt5TZ6voJQMH2zV1XPWWtm203PSkx3DSg9AYNYuRfOPFSBDkNemabzgpzFW9/neR4YhTvyJml8rQ==",
      "dependencies": {
        "bsert": "~0.0.10"
      },
      "engines": {
        "node": ">=8.0.0"
      }
    },
    "node_modules/bsert": {
      "version": "0.0.10",
      "resolved": "https://registry.npmjs.org/bsert/-/bsert-0.0.10.tgz",
      "integrity": "sha512-NHNwlac+WPy4t2LoNh8pXk8uaIGH3NSaIUbTTRXGpE2WEbq0te/tDykYHkFK57YKLPjv/aGHmbqvnGeVWDz57Q==",
      "engines": {
        "node": ">=8.0.0"
      }
    },
    "node_modules/bufio": {
      "version": "1.0.7",
      "resolved": "https://registry.npmjs.org/bufio/-/bufio-1.0.7.tgz",
      "integrity": "sha512-bd1dDQhiC+bEbEfg56IdBv7faWa6OipMs/AFFFvtFnB3wAYjlwQpQRZ0pm6ZkgtfL0pILRXhKxOiQj6UzoMR7A==",
      "engines": {
        "node": ">=8.0.0"
      }
    },
    "node_modules/goosig": {
      "version": "0.10.0",
      "resolved": "https://registry.npmjs.org/goosig/-/goosig-0.10.0.tgz",
      "integrity": "sha512-+BVVLfxmawAmGVjjJpXzu5LNcFIOfgXgP7kWEyc3qu/xn9RMqbPbNfYDdHBZKfZkDMIO7Q4vD790iNYQAXhoFA==",
      "hasInstallScript": true,
      "dependencies": {
        "bcrypto": "~5.4.0",
        "bsert": "~0.0.10",
        "loady": "~0.0.5"
      },
      "engines": {
        "node": ">=8.0.0"
      }
    },
    "node_modules/loady": {
      "version": "0.0.5",
      "resolved": "https://registry.npmjs.org/loady/-/loady-0.0.5.tgz",
      "integrity": "sha512-uxKD2HIj042/HBx77NBcmEPsD+hxCgAtjEWlYNScuUjIsh/62Uyu39GOR68TBR68v+jqDL9zfftCWoUo4y03sQ==",
      "engines": {
        "node": ">=8.0.0"
      }
    },
    "node_modules/openpgp-smartcard": {
      "resolved": "../openpgp-smartcard",
      "link": true
    }
  },
  "dependencies": {
    "bcrypto": {
      "version": "5.4.0",
      "resolved": "https://registry.npmjs.org/bcrypto/-/bcrypto-5.4.0.tgz",
      "integrity": "sha512-KDX2CR29o6ZoqpQndcCxFZAtYA1jDMnXU3jmCfzP44g++Cu7AHHtZN/JbrN/MXAg9SLvtQ8XISG+eVD9zH1+Jg==",
      "requires": {
        "bufio": "~1.0.7",
        "loady": "~0.0.5"
      }
    },
    "bfile": {
      "version": "0.2.2",
      "resolved": "https://registry.npmjs.org/bfile/-/bfile-0.2.2.tgz",
      "integrity": "sha512-X205SsJ7zFAnjeJ/pBLqDqF10x/4Su3pBy8UdVKw4hdGJk7t5pLoRi+uG4rPaDAClGbrEfT/06PGUbYiMYKzTg=="
    },
    "bmocha": {
      "version": "2.1.5",
      "resolved": "https://registry.npmjs.org/bmocha/-/bmocha-2.1.5.tgz",
      "integrity": "sha512-hEO+jQC+6CMxdxSqKPjqAdIDvRWHfdGgsMh4fUmatkMewbYr2O6qMIbW7Lhcmkcnz8bwRHZuEdDaBt/16NofoA==",
      "dev": true
    },
    "brq": {
      "version": "0.1.8",
      "resolved": "https://registry.npmjs.org/brq/-/brq-0.1.8.tgz",
      "integrity": "sha512-6SDY1lJMKXgt5TZ6voJQMH2zV1XPWWtm203PSkx3DSg9AYNYuRfOPFSBDkNemabzgpzFW9/neR4YhTvyJml8rQ==",
      "requires": {
        "bsert": "~0.0.10"
      }
    },
    "bsert": {
      "version": "0.0.10",
      "resolved": "https://registry.npmjs.org/bsert/-/bsert-0.0.10.tgz",
      "integrity": "sha512-NHNwlac+WPy4t2LoNh8pXk8uaIGH3NSaIUbTTRXGpE2WEbq0te/tDykYHkFK57YKLPjv/aGHmbqvnGeVWDz57Q=="
    },
    "bufio": {
      "version": "1.0.7",
      "resolved": "https://registry.npmjs.org/bufio/-/bufio-1.0.7.tgz",
      "integrity": "sha512-bd1dDQhiC+bEbEfg56IdBv7faWa6OipMs/AFFFvtFnB3wAYjlwQpQRZ0pm6ZkgtfL0pILRXhKxOiQj6UzoMR7A=="
    },
    "goosig": {
      "version": "0.10.0",
      "resolved": "https://registry.npmjs.org/goosig/-/goosig-0.10.0.tgz",
      "integrity": "sha512-+BVVLfxmawAmGVjjJpXzu5LNcFIOfgXgP7kWEyc3qu/xn9RMqbPbNfYDdHBZKfZkDMIO7Q4vD790iNYQAXhoFA==",
      "requires": {
        "bcrypto": "~5.4.0",
        "bsert": "~0.0.10",
        "loady": "~0.0.5"
      }
    },
    "loady": {
      "version": "0.0.5",
      "resolved": "https://registry.npmjs.org/loady/-/loady-0.0.5.tgz",
      "integrity": "sha512-uxKD2HIj042/HBx77NBcmEPsD+hxCgAtjEWlYNScuUjIsh/62Uyu39GOR68TBR68v+jqDL9zfftCWoUo4y03sQ=="
    },
    "openpgp-smartcard": {
      "version": "file:../openpgp-smartcard",
      "requires": {
        "cargo-cp-artifact": "^0.1"
      }
    }
  }
}
